
Microsoft Visual Studio Solution File, Format Version 12.00
# Visual Studio 15
VisualStudioVersion = 15.0.27004.2009
MinimumVisualStudioVersion = 10.0.40219.1
Project("{FAE04EC0-301F-11D3-BF4B-00C04F79EFBC}") = "PaymentSystem.Core", "PaymentSystem.Core\PaymentSystem.Core.csproj", "{3250928B-3503-447B-8774-D927AABE2BDD}"
EndProject
Global
	GlobalSection(SolutionConfigurationPlatforms) = preSolution
		Debug|Any CPU = Debug|Any CPU
		Release|Any CPU = Release|Any CPU
	EndGlobalSection
	GlobalSection(ProjectConfigurationPlatforms) = postSolution
		{3250928B-3503-447B-8774-D927AABE2BDD}.Debug|Any CPU.ActiveCfg = Debug|Any CPU
		{3250928B-3503-447B-8774-D927AABE2BDD}.Debug|Any CPU.Build.0 = Debug|Any CPU
		{3250928B-3503-447B-8774-D927AABE2BDD}.Release|Any CPU.ActiveCfg = Release|Any CPU
		{3250928B-3503-447B-8774-D927AABE2BDD}.Release|Any CPU.Build.0 = Release|Any CPU
	EndGlobalSection
	GlobalSection(SolutionProperties) = preSolution
		HideSolutionNode = FALSE
	EndGlobalSection
	GlobalSection(ExtensibilityGlobals) = postSolution
		SolutionGuid = {50A87E72-8F7B-40C7-A72B-E351FCDE6D3C}
	EndGlobalSection
EndGlobal
