
Microsoft Visual Studio Solution File, Format Version 12.00
# Visual Studio 15
VisualStudioVersion = 15.0.27004.2009
MinimumVisualStudioVersion = 10.0.40219.1
Project("{FAE04EC0-301F-11D3-BF4B-00C04F79EFBC}") = "PaymentSystem.Core", "src\PaymentSystem.Core\PaymentSystem.Core.csproj", "{3250928B-3503-447B-8774-D927AABE2BDD}"
EndProject
Project("{FAE04EC0-301F-11D3-BF4B-00C04F79EFBC}") = "PaymentSystem.Core.Tests", "test\PaymentSystem.Core.Tests\PaymentSystem.Core.Tests.csproj", "{293E7D01-573C-4F22-926A-4903B442FFAB}"
EndProject
Project("{2150E333-8FDC-42A3-9474-1A3956D46DE8}") = "Tests", "Tests", "{91306B4D-D28C-4B94-B39A-72D3CC40F02C}"
EndProject
Global
	GlobalSection(SolutionConfigurationPlatforms) = preSolution
		Debug|Any CPU = Debug|Any CPU
		Release|Any CPU = Release|Any CPU
	EndGlobalSection
	GlobalSection(ProjectConfigurationPlatforms) = postSolution
		{3250928B-3503-447B-8774-D927AABE2BDD}.Debug|Any CPU.ActiveCfg = Debug|Any CPU
		{3250928B-3503-447B-8774-D927AABE2BDD}.Debug|Any CPU.Build.0 = Debug|Any CPU
		{3250928B-3503-447B-8774-D927AABE2BDD}.Release|Any CPU.ActiveCfg = Release|Any CPU
		{3250928B-3503-447B-8774-D927AABE2BDD}.Release|Any CPU.Build.0 = Release|Any CPU
		{293E7D01-573C-4F22-926A-4903B442FFAB}.Debug|Any CPU.ActiveCfg = Debug|Any CPU
		{293E7D01-573C-4F22-926A-4903B442FFAB}.Debug|Any CPU.Build.0 = Debug|Any CPU
		{293E7D01-573C-4F22-926A-4903B442FFAB}.Release|Any CPU.ActiveCfg = Release|Any CPU
		{293E7D01-573C-4F22-926A-4903B442FFAB}.Release|Any CPU.Build.0 = Release|Any CPU
	EndGlobalSection
	GlobalSection(SolutionProperties) = preSolution
		HideSolutionNode = FALSE
	EndGlobalSection
	GlobalSection(NestedProjects) = preSolution
		{293E7D01-573C-4F22-926A-4903B442FFAB} = {91306B4D-D28C-4B94-B39A-72D3CC40F02C}
	EndGlobalSection
	GlobalSection(ExtensibilityGlobals) = postSolution
		SolutionGuid = {50A87E72-8F7B-40C7-A72B-E351FCDE6D3C}
	EndGlobalSection
EndGlobal
